
Microsoft Visual Studio Solution File, Format Version 12.00
# Visual Studio Version 17
VisualStudioVersion = 17.2.32516.85
MinimumVisualStudioVersion = 10.0.40219.1
Project("{9A19103F-16F7-4668-BE54-9A1E7A4F7556}") = "Shop.Web", "Shop.Web\Shop.Web.csproj", "{E708B3DA-E659-48AA-BFB9-1ED54578A92E}"
EndProject
Project("{9A19103F-16F7-4668-BE54-9A1E7A4F7556}") = "Shop.Web.Entities", "Shop.Web.Entities\Shop.Web.Entities.csproj", "{F252B788-CE2E-4115-B918-7943B94A5DC5}"
EndProject
Project("{9A19103F-16F7-4668-BE54-9A1E7A4F7556}") = "Shop.Web.UseCases", "Shop.Web.UseCases\Shop.Web.UseCases.csproj", "{E73CD6E6-1E8F-43F4-B8D5-49640BE05111}"
EndProject
Project("{9A19103F-16F7-4668-BE54-9A1E7A4F7556}") = "Shop.Web.Infrastructure.Interfaces", "Shop.Web.Infrastructure.Interfaces\Shop.Web.Infrastructure.Interfaces.csproj", "{59D55033-B802-47C0-BFD1-629EC3F0BC96}"
EndProject
Project("{9A19103F-16F7-4668-BE54-9A1E7A4F7556}") = "Shop.Web.DataAccess.Postgres", "Shop.Web.DataAccess.Postgres\Shop.Web.DataAccess.Postgres.csproj", "{83C51D32-8DB2-4EBF-87EB-A725E13BE9BF}"
EndProject
Project("{FAE04EC0-301F-11D3-BF4B-00C04F79EFBC}") = "Shop.Events", "Shop.Events\Shop.Events.csproj", "{D4F5E810-64FC-42C3-A35B-A5D0C84C62F5}"
EndProject
Project("{FAE04EC0-301F-11D3-BF4B-00C04F79EFBC}") = "Shop.Models", "Shop.Models\Shop.Models.csproj", "{8D60AAE3-9708-49BB-A3C5-A41E0AAEECD7}"
EndProject
Global
	GlobalSection(SolutionConfigurationPlatforms) = preSolution
		Debug|Any CPU = Debug|Any CPU
		Release|Any CPU = Release|Any CPU
	EndGlobalSection
	GlobalSection(ProjectConfigurationPlatforms) = postSolution
		{E708B3DA-E659-48AA-BFB9-1ED54578A92E}.Debug|Any CPU.ActiveCfg = Debug|Any CPU
		{E708B3DA-E659-48AA-BFB9-1ED54578A92E}.Debug|Any CPU.Build.0 = Debug|Any CPU
		{E708B3DA-E659-48AA-BFB9-1ED54578A92E}.Release|Any CPU.ActiveCfg = Release|Any CPU
		{E708B3DA-E659-48AA-BFB9-1ED54578A92E}.Release|Any CPU.Build.0 = Release|Any CPU
		{F252B788-CE2E-4115-B918-7943B94A5DC5}.Debug|Any CPU.ActiveCfg = Debug|Any CPU
		{F252B788-CE2E-4115-B918-7943B94A5DC5}.Debug|Any CPU.Build.0 = Debug|Any CPU
		{F252B788-CE2E-4115-B918-7943B94A5DC5}.Release|Any CPU.ActiveCfg = Release|Any CPU
		{F252B788-CE2E-4115-B918-7943B94A5DC5}.Release|Any CPU.Build.0 = Release|Any CPU
		{E73CD6E6-1E8F-43F4-B8D5-49640BE05111}.Debug|Any CPU.ActiveCfg = Debug|Any CPU
		{E73CD6E6-1E8F-43F4-B8D5-49640BE05111}.Debug|Any CPU.Build.0 = Debug|Any CPU
		{E73CD6E6-1E8F-43F4-B8D5-49640BE05111}.Release|Any CPU.ActiveCfg = Release|Any CPU
		{E73CD6E6-1E8F-43F4-B8D5-49640BE05111}.Release|Any CPU.Build.0 = Release|Any CPU
		{59D55033-B802-47C0-BFD1-629EC3F0BC96}.Debug|Any CPU.ActiveCfg = Debug|Any CPU
		{59D55033-B802-47C0-BFD1-629EC3F0BC96}.Debug|Any CPU.Build.0 = Debug|Any CPU
		{59D55033-B802-47C0-BFD1-629EC3F0BC96}.Release|Any CPU.ActiveCfg = Release|Any CPU
		{59D55033-B802-47C0-BFD1-629EC3F0BC96}.Release|Any CPU.Build.0 = Release|Any CPU
		{83C51D32-8DB2-4EBF-87EB-A725E13BE9BF}.Debug|Any CPU.ActiveCfg = Debug|Any CPU
		{83C51D32-8DB2-4EBF-87EB-A725E13BE9BF}.Debug|Any CPU.Build.0 = Debug|Any CPU
		{83C51D32-8DB2-4EBF-87EB-A725E13BE9BF}.Release|Any CPU.ActiveCfg = Release|Any CPU
		{83C51D32-8DB2-4EBF-87EB-A725E13BE9BF}.Release|Any CPU.Build.0 = Release|Any CPU
		{D4F5E810-64FC-42C3-A35B-A5D0C84C62F5}.Debug|Any CPU.ActiveCfg = Debug|Any CPU
		{D4F5E810-64FC-42C3-A35B-A5D0C84C62F5}.Debug|Any CPU.Build.0 = Debug|Any CPU
		{D4F5E810-64FC-42C3-A35B-A5D0C84C62F5}.Release|Any CPU.ActiveCfg = Release|Any CPU
		{D4F5E810-64FC-42C3-A35B-A5D0C84C62F5}.Release|Any CPU.Build.0 = Release|Any CPU
		{8D60AAE3-9708-49BB-A3C5-A41E0AAEECD7}.Debug|Any CPU.ActiveCfg = Debug|Any CPU
		{8D60AAE3-9708-49BB-A3C5-A41E0AAEECD7}.Debug|Any CPU.Build.0 = Debug|Any CPU
		{8D60AAE3-9708-49BB-A3C5-A41E0AAEECD7}.Release|Any CPU.ActiveCfg = Release|Any CPU
		{8D60AAE3-9708-49BB-A3C5-A41E0AAEECD7}.Release|Any CPU.Build.0 = Release|Any CPU
	EndGlobalSection
	GlobalSection(SolutionProperties) = preSolution
		HideSolutionNode = FALSE
	EndGlobalSection
	GlobalSection(ExtensibilityGlobals) = postSolution
		SolutionGuid = {CB26189F-072B-4458-B15D-31D7B4B911C3}
	EndGlobalSection
EndGlobal
